
Microsoft Visual Studio Solution File, Format Version 12.00
# Visual Studio Version 17
VisualStudioVersion = 17.10.35122.118
MinimumVisualStudioVersion = 10.0.40219.1
Project("{FAE04EC0-301F-11D3-BF4B-00C04F79EFBC}") = "App1Mensajeria", "App1Mensajeria\App1Mensajeria.csproj", "{F607B8C7-BA75-4A54-B9EE-7B6FE884128C}"
EndProject
Project("{FAE04EC0-301F-11D3-BF4B-00C04F79EFBC}") = "App1MensajeriaCliente", "App1MensajeriaCliente\App1MensajeriaCliente.csproj", "{C9089D42-5C46-4F44-B40B-FF5E6572D719}"
EndProject
Global
	GlobalSection(SolutionConfigurationPlatforms) = preSolution
		Debug|Any CPU = Debug|Any CPU
		Release|Any CPU = Release|Any CPU
	EndGlobalSection
	GlobalSection(ProjectConfigurationPlatforms) = postSolution
		{F607B8C7-BA75-4A54-B9EE-7B6FE884128C}.Debug|Any CPU.ActiveCfg = Debug|Any CPU
		{F607B8C7-BA75-4A54-B9EE-7B6FE884128C}.Debug|Any CPU.Build.0 = Debug|Any CPU
		{F607B8C7-BA75-4A54-B9EE-7B6FE884128C}.Release|Any CPU.ActiveCfg = Release|Any CPU
		{F607B8C7-BA75-4A54-B9EE-7B6FE884128C}.Release|Any CPU.Build.0 = Release|Any CPU
		{C9089D42-5C46-4F44-B40B-FF5E6572D719}.Debug|Any CPU.ActiveCfg = Debug|Any CPU
		{C9089D42-5C46-4F44-B40B-FF5E6572D719}.Debug|Any CPU.Build.0 = Debug|Any CPU
		{C9089D42-5C46-4F44-B40B-FF5E6572D719}.Release|Any CPU.ActiveCfg = Release|Any CPU
		{C9089D42-5C46-4F44-B40B-FF5E6572D719}.Release|Any CPU.Build.0 = Release|Any CPU
	EndGlobalSection
	GlobalSection(SolutionProperties) = preSolution
		HideSolutionNode = FALSE
	EndGlobalSection
	GlobalSection(ExtensibilityGlobals) = postSolution
		SolutionGuid = {071E8624-4F4F-472B-8775-71C4E69AAE26}
	EndGlobalSection
EndGlobal
